
Microsoft Visual Studio Solution File, Format Version 12.00
# Visual Studio Version 17
VisualStudioVersion = 17.0.31903.59
MinimumVisualStudioVersion = 10.0.40219.1
Project("{FAE04EC0-301F-11D3-BF4B-00C04F79EFBC}") = "Web", "Web\Web.csproj", "{55D00F02-9BB8-48E2-B501-6D2FC9B24BE8}"
EndProject
Project("{FAE04EC0-301F-11D3-BF4B-00C04F79EFBC}") = "Domain", "Domain\Domain.csproj", "{A2BB00F2-5070-4D2E-B1F1-789D6D2767A8}"
EndProject
Global
	GlobalSection(SolutionConfigurationPlatforms) = preSolution
		Debug|Any CPU = Debug|Any CPU
		Release|Any CPU = Release|Any CPU
	EndGlobalSection
	GlobalSection(SolutionProperties) = preSolution
		HideSolutionNode = FALSE
	EndGlobalSection
	GlobalSection(ProjectConfigurationPlatforms) = postSolution
		{55D00F02-9BB8-48E2-B501-6D2FC9B24BE8}.Debug|Any CPU.ActiveCfg = Debug|Any CPU
		{55D00F02-9BB8-48E2-B501-6D2FC9B24BE8}.Debug|Any CPU.Build.0 = Debug|Any CPU
		{55D00F02-9BB8-48E2-B501-6D2FC9B24BE8}.Release|Any CPU.ActiveCfg = Release|Any CPU
		{55D00F02-9BB8-48E2-B501-6D2FC9B24BE8}.Release|Any CPU.Build.0 = Release|Any CPU
		{A2BB00F2-5070-4D2E-B1F1-789D6D2767A8}.Debug|Any CPU.ActiveCfg = Debug|Any CPU
		{A2BB00F2-5070-4D2E-B1F1-789D6D2767A8}.Debug|Any CPU.Build.0 = Debug|Any CPU
		{A2BB00F2-5070-4D2E-B1F1-789D6D2767A8}.Release|Any CPU.ActiveCfg = Release|Any CPU
		{A2BB00F2-5070-4D2E-B1F1-789D6D2767A8}.Release|Any CPU.Build.0 = Release|Any CPU
	EndGlobalSection
EndGlobal
